
Microsoft Visual Studio Solution File, Format Version 12.00
# Visual Studio Version 18
VisualStudioVersion = 18.3.11312.210
MinimumVisualStudioVersion = 10.0.40219.1
Project("{9A19103F-16F7-4668-BE54-9A1E7A4F7556}") = "NodeDev.Blazor.Server", "NodeDev.Blazor.Server\NodeDev.Blazor.Server.csproj", "{A73FFB19-1791-4E6E-829C-A6B85E1BD8F2}"
	ProjectSection(ProjectDependencies) = postProject
		{2FB56940-27E4-4D0C-8A06-FCB329B853C9} = {2FB56940-27E4-4D0C-8A06-FCB329B853C9}
	EndProjectSection
EndProject
Project("{9A19103F-16F7-4668-BE54-9A1E7A4F7556}") = "NodeDev.Core", "NodeDev.Core\NodeDev.Core.csproj", "{2FB56940-27E4-4D0C-8A06-FCB329B853C9}"
EndProject
Project("{9A19103F-16F7-4668-BE54-9A1E7A4F7556}") = "NodeDev.Blazor", "NodeDev.Blazor\NodeDev.Blazor.csproj", "{63052EF0-3793-445A-B75F-A10ED55E2D36}"
EndProject
Project("{9A19103F-16F7-4668-BE54-9A1E7A4F7556}") = "NodeDev.Tests", "NodeDev.Tests\NodeDev.Tests.csproj", "{4C775E47-79BC-4F2D-93FF-440A151B2757}"
EndProject
Project("{2150E333-8FDC-42A3-9474-1A3956D46DE8}") = "Solution Items", "Solution Items", "{848A596C-D848-46EB-BA9B-8A6D313BA602}"
	ProjectSection(SolutionItems) = preProject
		.editorconfig = .editorconfig
		..\.github\agents\basicAgent.agent.md = ..\.github\agents\basicAgent.agent.md
		..\.github\workflows\dotnet.yml = ..\.github\workflows\dotnet.yml
		..\.github\workflows\release.yml = ..\.github\workflows\release.yml
		..\.github\workflows\workflow-build.yml = ..\.github\workflows\workflow-build.yml
		..\.github\workflows\workflow-e2e-tests.yml = ..\.github\workflows\workflow-e2e-tests.yml
		..\.github\workflows\workflow-tests.yml = ..\.github\workflows\workflow-tests.yml
	EndProjectSection
EndProject
Project("{9A19103F-16F7-4668-BE54-9A1E7A4F7556}") = "NodeDev.EndToEndTests", "NodeDev.EndToEndTests\NodeDev.EndToEndTests.csproj", "{DFA6D765-BFC3-407F-9330-B92B89310DCA}"
	ProjectSection(ProjectDependencies) = postProject
		{A73FFB19-1791-4E6E-829C-A6B85E1BD8F2} = {A73FFB19-1791-4E6E-829C-A6B85E1BD8F2}
	EndProjectSection
EndProject
Project("{FAE04EC0-301F-11D3-BF4B-00C04F79EFBC}") = "NodeDev.Blazor.MAUI", "NodeDev.Blazor.MAUI\NodeDev.Blazor.MAUI.csproj", "{68D35641-7DBF-4984-A939-22C944328E54}"
EndProject
Project("{FAE04EC0-301F-11D3-BF4B-00C04F79EFBC}") = "NodeDev.ScriptRunner", "NodeDev.ScriptRunner\NodeDev.ScriptRunner.csproj", "{DA88CD93-B7D5-43AA-8F35-DC93AD699432}"
EndProject
Project("{FAE04EC0-301F-11D3-BF4B-00C04F79EFBC}") = "NodeDev.DebuggerCore", "NodeDev.DebuggerCore\NodeDev.DebuggerCore.csproj", "{7AEB3F83-3B9B-4F16-ACD5-D9CD83B4E59F}"
EndProject
Global
	GlobalSection(SolutionConfigurationPlatforms) = preSolution
		Debug|Any CPU = Debug|Any CPU
		Debug|x64 = Debug|x64
		Debug|x86 = Debug|x86
		Release|Any CPU = Release|Any CPU
		Release|x64 = Release|x64
		Release|x86 = Release|x86
	EndGlobalSection
	GlobalSection(ProjectConfigurationPlatforms) = postSolution
		{A73FFB19-1791-4E6E-829C-A6B85E1BD8F2}.Debug|Any CPU.ActiveCfg = Debug|Any CPU
		{A73FFB19-1791-4E6E-829C-A6B85E1BD8F2}.Debug|Any CPU.Build.0 = Debug|Any CPU
		{A73FFB19-1791-4E6E-829C-A6B85E1BD8F2}.Debug|x64.ActiveCfg = Debug|Any CPU
		{A73FFB19-1791-4E6E-829C-A6B85E1BD8F2}.Debug|x64.Build.0 = Debug|Any CPU
		{A73FFB19-1791-4E6E-829C-A6B85E1BD8F2}.Debug|x86.ActiveCfg = Debug|Any CPU
		{A73FFB19-1791-4E6E-829C-A6B85E1BD8F2}.Debug|x86.Build.0 = Debug|Any CPU
		{A73FFB19-1791-4E6E-829C-A6B85E1BD8F2}.Release|Any CPU.ActiveCfg = Release|Any CPU
		{A73FFB19-1791-4E6E-829C-A6B85E1BD8F2}.Release|Any CPU.Build.0 = Release|Any CPU
		{A73FFB19-1791-4E6E-829C-A6B85E1BD8F2}.Release|x64.ActiveCfg = Release|Any CPU
		{A73FFB19-1791-4E6E-829C-A6B85E1BD8F2}.Release|x64.Build.0 = Release|Any CPU
		{A73FFB19-1791-4E6E-829C-A6B85E1BD8F2}.Release|x86.ActiveCfg = Release|Any CPU
		{A73FFB19-1791-4E6E-829C-A6B85E1BD8F2}.Release|x86.Build.0 = Release|Any CPU
		{2FB56940-27E4-4D0C-8A06-FCB329B853C9}.Debug|Any CPU.ActiveCfg = Debug|Any CPU
		{2FB56940-27E4-4D0C-8A06-FCB329B853C9}.Debug|Any CPU.Build.0 = Debug|Any CPU
		{2FB56940-27E4-4D0C-8A06-FCB329B853C9}.Debug|x64.ActiveCfg = Debug|Any CPU
		{2FB56940-27E4-4D0C-8A06-FCB329B853C9}.Debug|x64.Build.0 = Debug|Any CPU
		{2FB56940-27E4-4D0C-8A06-FCB329B853C9}.Debug|x86.ActiveCfg = Debug|Any CPU
		{2FB56940-27E4-4D0C-8A06-FCB329B853C9}.Debug|x86.Build.0 = Debug|Any CPU
		{2FB56940-27E4-4D0C-8A06-FCB329B853C9}.Release|Any CPU.ActiveCfg = Release|Any CPU
		{2FB56940-27E4-4D0C-8A06-FCB329B853C9}.Release|Any CPU.Build.0 = Release|Any CPU
		{2FB56940-27E4-4D0C-8A06-FCB329B853C9}.Release|x64.ActiveCfg = Release|Any CPU
		{2FB56940-27E4-4D0C-8A06-FCB329B853C9}.Release|x64.Build.0 = Release|Any CPU
		{2FB56940-27E4-4D0C-8A06-FCB329B853C9}.Release|x86.ActiveCfg = Release|Any CPU
		{2FB56940-27E4-4D0C-8A06-FCB329B853C9}.Release|x86.Build.0 = Release|Any CPU
		{63052EF0-3793-445A-B75F-A10ED55E2D36}.Debug|Any CPU.ActiveCfg = Debug|Any CPU
		{63052EF0-3793-445A-B75F-A10ED55E2D36}.Debug|Any CPU.Build.0 = Debug|Any CPU
		{63052EF0-3793-445A-B75F-A10ED55E2D36}.Debug|x64.ActiveCfg = Debug|Any CPU
		{63052EF0-3793-445A-B75F-A10ED55E2D36}.Debug|x64.Build.0 = Debug|Any CPU
		{63052EF0-3793-445A-B75F-A10ED55E2D36}.Debug|x86.ActiveCfg = Debug|Any CPU
		{63052EF0-3793-445A-B75F-A10ED55E2D36}.Debug|x86.Build.0 = Debug|Any CPU
		{63052EF0-3793-445A-B75F-A10ED55E2D36}.Release|Any CPU.ActiveCfg = Release|Any CPU
		{63052EF0-3793-445A-B75F-A10ED55E2D36}.Release|Any CPU.Build.0 = Release|Any CPU
		{63052EF0-3793-445A-B75F-A10ED55E2D36}.Release|x64.ActiveCfg = Release|Any CPU
		{63052EF0-3793-445A-B75F-A10ED55E2D36}.Release|x64.Build.0 = Release|Any CPU
		{63052EF0-3793-445A-B75F-A10ED55E2D36}.Release|x86.ActiveCfg = Release|Any CPU
		{63052EF0-3793-445A-B75F-A10ED55E2D36}.Release|x86.Build.0 = Release|Any CPU
		{4C775E47-79BC-4F2D-93FF-440A151B2757}.Debug|Any CPU.ActiveCfg = Debug|Any CPU
		{4C775E47-79BC-4F2D-93FF-440A151B2757}.Debug|Any CPU.Build.0 = Debug|Any CPU
		{4C775E47-79BC-4F2D-93FF-440A151B2757}.Debug|x64.ActiveCfg = Debug|Any CPU
		{4C775E47-79BC-4F2D-93FF-440A151B2757}.Debug|x64.Build.0 = Debug|Any CPU
		{4C775E47-79BC-4F2D-93FF-440A151B2757}.Debug|x86.ActiveCfg = Debug|Any CPU
		{4C775E47-79BC-4F2D-93FF-440A151B2757}.Debug|x86.Build.0 = Debug|Any CPU
		{4C775E47-79BC-4F2D-93FF-440A151B2757}.Release|Any CPU.ActiveCfg = Release|Any CPU
		{4C775E47-79BC-4F2D-93FF-440A151B2757}.Release|Any CPU.Build.0 = Release|Any CPU
		{4C775E47-79BC-4F2D-93FF-440A151B2757}.Release|x64.ActiveCfg = Release|Any CPU
		{4C775E47-79BC-4F2D-93FF-440A151B2757}.Release|x64.Build.0 = Release|Any CPU
		{4C775E47-79BC-4F2D-93FF-440A151B2757}.Release|x86.ActiveCfg = Release|Any CPU
		{4C775E47-79BC-4F2D-93FF-440A151B2757}.Release|x86.Build.0 = Release|Any CPU
		{DFA6D765-BFC3-407F-9330-B92B89310DCA}.Debug|Any CPU.ActiveCfg = Debug|Any CPU
		{DFA6D765-BFC3-407F-9330-B92B89310DCA}.Debug|Any CPU.Build.0 = Debug|Any CPU
		{DFA6D765-BFC3-407F-9330-B92B89310DCA}.Debug|x64.ActiveCfg = Debug|Any CPU
		{DFA6D765-BFC3-407F-9330-B92B89310DCA}.Debug|x64.Build.0 = Debug|Any CPU
		{DFA6D765-BFC3-407F-9330-B92B89310DCA}.Debug|x86.ActiveCfg = Debug|Any CPU
		{DFA6D765-BFC3-407F-9330-B92B89310DCA}.Debug|x86.Build.0 = Debug|Any CPU
		{DFA6D765-BFC3-407F-9330-B92B89310DCA}.Release|Any CPU.ActiveCfg = Release|Any CPU
		{DFA6D765-BFC3-407F-9330-B92B89310DCA}.Release|Any CPU.Build.0 = Release|Any CPU
		{DFA6D765-BFC3-407F-9330-B92B89310DCA}.Release|x64.ActiveCfg = Release|Any CPU
		{DFA6D765-BFC3-407F-9330-B92B89310DCA}.Release|x64.Build.0 = Release|Any CPU
		{DFA6D765-BFC3-407F-9330-B92B89310DCA}.Release|x86.ActiveCfg = Release|Any CPU
		{DFA6D765-BFC3-407F-9330-B92B89310DCA}.Release|x86.Build.0 = Release|Any CPU
		{68D35641-7DBF-4984-A939-22C944328E54}.Debug|Any CPU.ActiveCfg = Debug|Any CPU
		{68D35641-7DBF-4984-A939-22C944328E54}.Debug|x64.ActiveCfg = Debug|Any CPU
		{68D35641-7DBF-4984-A939-22C944328E54}.Debug|x64.Build.0 = Debug|Any CPU
		{68D35641-7DBF-4984-A939-22C944328E54}.Debug|x86.ActiveCfg = Debug|Any CPU
		{68D35641-7DBF-4984-A939-22C944328E54}.Debug|x86.Build.0 = Debug|Any CPU
		{68D35641-7DBF-4984-A939-22C944328E54}.Release|Any CPU.ActiveCfg = Release|Any CPU
		{68D35641-7DBF-4984-A939-22C944328E54}.Release|Any CPU.Build.0 = Release|Any CPU
		{68D35641-7DBF-4984-A939-22C944328E54}.Release|x64.ActiveCfg = Release|Any CPU
		{68D35641-7DBF-4984-A939-22C944328E54}.Release|x64.Build.0 = Release|Any CPU
		{68D35641-7DBF-4984-A939-22C944328E54}.Release|x86.ActiveCfg = Release|Any CPU
		{68D35641-7DBF-4984-A939-22C944328E54}.Release|x86.Build.0 = Release|Any CPU
		{DA88CD93-B7D5-43AA-8F35-DC93AD699432}.Debug|Any CPU.ActiveCfg = Debug|Any CPU
		{DA88CD93-B7D5-43AA-8F35-DC93AD699432}.Debug|Any CPU.Build.0 = Debug|Any CPU
		{DA88CD93-B7D5-43AA-8F35-DC93AD699432}.Debug|x64.ActiveCfg = Debug|Any CPU
		{DA88CD93-B7D5-43AA-8F35-DC93AD699432}.Debug|x64.Build.0 = Debug|Any CPU
		{DA88CD93-B7D5-43AA-8F35-DC93AD699432}.Debug|x86.ActiveCfg = Debug|Any CPU
		{DA88CD93-B7D5-43AA-8F35-DC93AD699432}.Debug|x86.Build.0 = Debug|Any CPU
		{DA88CD93-B7D5-43AA-8F35-DC93AD699432}.Release|Any CPU.ActiveCfg = Release|Any CPU
		{DA88CD93-B7D5-43AA-8F35-DC93AD699432}.Release|Any CPU.Build.0 = Release|Any CPU
		{DA88CD93-B7D5-43AA-8F35-DC93AD699432}.Release|x64.ActiveCfg = Release|Any CPU
		{DA88CD93-B7D5-43AA-8F35-DC93AD699432}.Release|x64.Build.0 = Release|Any CPU
		{DA88CD93-B7D5-43AA-8F35-DC93AD699432}.Release|x86.ActiveCfg = Release|Any CPU
		{DA88CD93-B7D5-43AA-8F35-DC93AD699432}.Release|x86.Build.0 = Release|Any CPU
		{7AEB3F83-3B9B-4F16-ACD5-D9CD83B4E59F}.Debug|Any CPU.ActiveCfg = Debug|Any CPU
		{7AEB3F83-3B9B-4F16-ACD5-D9CD83B4E59F}.Debug|Any CPU.Build.0 = Debug|Any CPU
		{7AEB3F83-3B9B-4F16-ACD5-D9CD83B4E59F}.Debug|x64.ActiveCfg = Debug|Any CPU
		{7AEB3F83-3B9B-4F16-ACD5-D9CD83B4E59F}.Debug|x64.Build.0 = Debug|Any CPU
		{7AEB3F83-3B9B-4F16-ACD5-D9CD83B4E59F}.Debug|x86.ActiveCfg = Debug|Any CPU
		{7AEB3F83-3B9B-4F16-ACD5-D9CD83B4E59F}.Debug|x86.Build.0 = Debug|Any CPU
		{7AEB3F83-3B9B-4F16-ACD5-D9CD83B4E59F}.Release|Any CPU.ActiveCfg = Release|Any CPU
		{7AEB3F83-3B9B-4F16-ACD5-D9CD83B4E59F}.Release|Any CPU.Build.0 = Release|Any CPU
		{7AEB3F83-3B9B-4F16-ACD5-D9CD83B4E59F}.Release|x64.ActiveCfg = Release|Any CPU
		{7AEB3F83-3B9B-4F16-ACD5-D9CD83B4E59F}.Release|x64.Build.0 = Release|Any CPU
		{7AEB3F83-3B9B-4F16-ACD5-D9CD83B4E59F}.Release|x86.ActiveCfg = Release|Any CPU
		{7AEB3F83-3B9B-4F16-ACD5-D9CD83B4E59F}.Release|x86.Build.0 = Release|Any CPU
	EndGlobalSection
	GlobalSection(SolutionProperties) = preSolution
		HideSolutionNode = FALSE
	EndGlobalSection
	GlobalSection(ExtensibilityGlobals) = postSolution
		SolutionGuid = {F82949DF-ABD0-4772-9022-5913ED3C6FB2}
	EndGlobalSection
EndGlobal
