
Microsoft Visual Studio Solution File, Format Version 12.00
# Visual Studio Version 17
VisualStudioVersion = 17.5.33516.290
MinimumVisualStudioVersion = 10.0.40219.1
Project("{9A19103F-16F7-4668-BE54-9A1E7A4F7556}") = "NodeDev.Blazor.Server", "NodeDev.Blazor.Server\NodeDev.Blazor.Server.csproj", "{A73FFB19-1791-4E6E-829C-A6B85E1BD8F2}"
	ProjectSection(ProjectDependencies) = postProject
		{2FB56940-27E4-4D0C-8A06-FCB329B853C9} = {2FB56940-27E4-4D0C-8A06-FCB329B853C9}
	EndProjectSection
EndProject
Project("{9A19103F-16F7-4668-BE54-9A1E7A4F7556}") = "NodeDev.Core", "NodeDev.Core\NodeDev.Core.csproj", "{2FB56940-27E4-4D0C-8A06-FCB329B853C9}"
EndProject
Project("{9A19103F-16F7-4668-BE54-9A1E7A4F7556}") = "NodeDev.Blazor", "NodeDev.Blazor\NodeDev.Blazor.csproj", "{63052EF0-3793-445A-B75F-A10ED55E2D36}"
EndProject
Project("{9A19103F-16F7-4668-BE54-9A1E7A4F7556}") = "NodeDev.Tests", "NodeDev.Tests\NodeDev.Tests.csproj", "{4C775E47-79BC-4F2D-93FF-440A151B2757}"
EndProject
Project("{9A19103F-16F7-4668-BE54-9A1E7A4F7556}") = "NodeDev.Core.Types", "NodeDev.Core.Types\NodeDev.Core.Types.csproj", "{06E6C110-D3CA-4E11-9FBB-33F2C6CE95B3}"
EndProject
Project("{9A19103F-16F7-4668-BE54-9A1E7A4F7556}") = "NodeDev.Core.Types.Tests", "NodeDev.Core.Types.Tests\NodeDev.Core.Types.Tests.csproj", "{BC1DA9CB-D359-4667-AB82-93EC1B44D46A}"
EndProject
Project("{2150E333-8FDC-42A3-9474-1A3956D46DE8}") = "Solution Items", "Solution Items", "{848A596C-D848-46EB-BA9B-8A6D313BA602}"
	ProjectSection(SolutionItems) = preProject
		.editorconfig = .editorconfig
	EndProjectSection
EndProject
Global
	GlobalSection(SolutionConfigurationPlatforms) = preSolution
		Debug|Any CPU = Debug|Any CPU
		Release|Any CPU = Release|Any CPU
	EndGlobalSection
	GlobalSection(ProjectConfigurationPlatforms) = postSolution
		{A73FFB19-1791-4E6E-829C-A6B85E1BD8F2}.Debug|Any CPU.ActiveCfg = Debug|Any CPU
		{A73FFB19-1791-4E6E-829C-A6B85E1BD8F2}.Debug|Any CPU.Build.0 = Debug|Any CPU
		{A73FFB19-1791-4E6E-829C-A6B85E1BD8F2}.Release|Any CPU.ActiveCfg = Release|Any CPU
		{A73FFB19-1791-4E6E-829C-A6B85E1BD8F2}.Release|Any CPU.Build.0 = Release|Any CPU
		{2FB56940-27E4-4D0C-8A06-FCB329B853C9}.Debug|Any CPU.ActiveCfg = Debug|Any CPU
		{2FB56940-27E4-4D0C-8A06-FCB329B853C9}.Debug|Any CPU.Build.0 = Debug|Any CPU
		{2FB56940-27E4-4D0C-8A06-FCB329B853C9}.Release|Any CPU.ActiveCfg = Release|Any CPU
		{2FB56940-27E4-4D0C-8A06-FCB329B853C9}.Release|Any CPU.Build.0 = Release|Any CPU
		{63052EF0-3793-445A-B75F-A10ED55E2D36}.Debug|Any CPU.ActiveCfg = Debug|Any CPU
		{63052EF0-3793-445A-B75F-A10ED55E2D36}.Debug|Any CPU.Build.0 = Debug|Any CPU
		{63052EF0-3793-445A-B75F-A10ED55E2D36}.Release|Any CPU.ActiveCfg = Release|Any CPU
		{63052EF0-3793-445A-B75F-A10ED55E2D36}.Release|Any CPU.Build.0 = Release|Any CPU
		{4C775E47-79BC-4F2D-93FF-440A151B2757}.Debug|Any CPU.ActiveCfg = Debug|Any CPU
		{4C775E47-79BC-4F2D-93FF-440A151B2757}.Debug|Any CPU.Build.0 = Debug|Any CPU
		{4C775E47-79BC-4F2D-93FF-440A151B2757}.Release|Any CPU.ActiveCfg = Release|Any CPU
		{4C775E47-79BC-4F2D-93FF-440A151B2757}.Release|Any CPU.Build.0 = Release|Any CPU
		{06E6C110-D3CA-4E11-9FBB-33F2C6CE95B3}.Debug|Any CPU.ActiveCfg = Debug|Any CPU
		{06E6C110-D3CA-4E11-9FBB-33F2C6CE95B3}.Debug|Any CPU.Build.0 = Debug|Any CPU
		{06E6C110-D3CA-4E11-9FBB-33F2C6CE95B3}.Release|Any CPU.ActiveCfg = Release|Any CPU
		{06E6C110-D3CA-4E11-9FBB-33F2C6CE95B3}.Release|Any CPU.Build.0 = Release|Any CPU
		{BC1DA9CB-D359-4667-AB82-93EC1B44D46A}.Debug|Any CPU.ActiveCfg = Debug|Any CPU
		{BC1DA9CB-D359-4667-AB82-93EC1B44D46A}.Debug|Any CPU.Build.0 = Debug|Any CPU
		{BC1DA9CB-D359-4667-AB82-93EC1B44D46A}.Release|Any CPU.ActiveCfg = Release|Any CPU
		{BC1DA9CB-D359-4667-AB82-93EC1B44D46A}.Release|Any CPU.Build.0 = Release|Any CPU
	EndGlobalSection
	GlobalSection(SolutionProperties) = preSolution
		HideSolutionNode = FALSE
	EndGlobalSection
	GlobalSection(ExtensibilityGlobals) = postSolution
		SolutionGuid = {F82949DF-ABD0-4772-9022-5913ED3C6FB2}
	EndGlobalSection
EndGlobal
